
Microsoft Visual Studio Solution File, Format Version 12.00
# Visual Studio 15
VisualStudioVersion = 15.0.26430.14
MinimumVisualStudioVersion = 10.0.40219.1
Project("{FAE04EC0-301F-11D3-BF4B-00C04F79EFBC}") = "MaskedPhoneNumber", "MaskedPhoneNumber\MaskedPhoneNumber.csproj", "{35CB4DFC-6748-451C-8591-350B2771DB43}"
EndProject
Global
	GlobalSection(SolutionConfigurationPlatforms) = preSolution
		Debug|Any CPU = Debug|Any CPU
		Release|Any CPU = Release|Any CPU
	EndGlobalSection
	GlobalSection(ProjectConfigurationPlatforms) = postSolution
		{35CB4DFC-6748-451C-8591-350B2771DB43}.Debug|Any CPU.ActiveCfg = Debug|Any CPU
		{35CB4DFC-6748-451C-8591-350B2771DB43}.Debug|Any CPU.Build.0 = Debug|Any CPU
		{35CB4DFC-6748-451C-8591-350B2771DB43}.Release|Any CPU.ActiveCfg = Release|Any CPU
		{35CB4DFC-6748-451C-8591-350B2771DB43}.Release|Any CPU.Build.0 = Release|Any CPU
	EndGlobalSection
	GlobalSection(SolutionProperties) = preSolution
		HideSolutionNode = FALSE
	EndGlobalSection
EndGlobal
